
Microsoft Visual Studio Solution File, Format Version 12.00
# Visual Studio 14
VisualStudioVersion = 14.0.25420.1
MinimumVisualStudioVersion = 10.0.40219.1
Project("{FAE04EC0-301F-11D3-BF4B-00C04F79EFBC}") = "Cấu trúc file căn bản", "Học WPF\Cấu trúc file căn bản.csproj", "{9FBFE910-6FF6-4795-A3FD-69908BAEA0D2}"
EndProject
Project("{FAE04EC0-301F-11D3-BF4B-00C04F79EFBC}") = "The Window", "The Window\The Window.csproj", "{97926FAF-402B-4070-92CC-B71A3E2682FC}"
EndProject
Project("{FAE04EC0-301F-11D3-BF4B-00C04F79EFBC}") = "Làm việc với App.xaml", "Bài 3 Làm việc với App.xaml\Làm việc với App.xaml.csproj", "{F88BC6E4-CA2F-44CF-B332-D5510929C7C6}"
EndProject
Project("{FAE04EC0-301F-11D3-BF4B-00C04F79EFBC}") = "Tham số Command-line trong WPF", "Bài 4 Tham số Command-line trong WPF\Tham số Command-line trong WPF.csproj", "{3B49DFD4-6C46-4D6D-A086-38698658C0FA}"
EndProject
Project("{FAE04EC0-301F-11D3-BF4B-00C04F79EFBC}") = "Ví dụ 1 Căn bản", "Bài 5 Resource\Ví dụ 1 Căn bản.csproj", "{9BCB0EF6-2176-47F8-9E55-FEB2752E28CC}"
EndProject
Project("{2150E333-8FDC-42A3-9474-1A3956D46DE8}") = "Bài 6 Resource", "Bài 6 Resource", "{4AF8E3A7-99ED-4203-8CA1-F0B51EBF02E4}"
EndProject
Project("{FAE04EC0-301F-11D3-BF4B-00C04F79EFBC}") = "Ví dụ 2 Gọi đa hệ", "Ví dụ 2\Ví dụ 2 Gọi đa hệ.csproj", "{EBFD4E3B-3541-44A0-A9FC-BA8A2E3AD7AE}"
EndProject
Project("{FAE04EC0-301F-11D3-BF4B-00C04F79EFBC}") = "Ví dụ 3 Sử dụng ở bên ngoài", "Ví dụ 3\Ví dụ 3 Sử dụng ở bên ngoài.csproj", "{0323BFD6-5968-47D7-AE11-A27E4B4D4734}"
EndProject
Project("{FAE04EC0-301F-11D3-BF4B-00C04F79EFBC}") = "Bài 4 Từ code-behind", "Bài 4 Từ code-behind\Bài 4 Từ code-behind.csproj", "{36BA5288-E6A3-46FD-8082-DE19D41561FC}"
EndProject
Project("{FAE04EC0-301F-11D3-BF4B-00C04F79EFBC}") = "Bài 5 Handing exception", "Handing exception\Bài 5 Handing exception.csproj", "{F79B1766-16BD-4889-9C94-323E22E56166}"
EndProject
Project("{FAE04EC0-301F-11D3-BF4B-00C04F79EFBC}") = "Chương trình đơn giản", "Bài 7 UICulture\Chương trình đơn giản.csproj", "{AECD3519-A71B-462F-9C8B-0D4C2835A495}"
EndProject
Project("{2150E333-8FDC-42A3-9474-1A3956D46DE8}") = "Bài 7 UICulture", "Bài 7 UICulture", "{829C23C6-E9E7-427B-BE75-17F81E7757E9}"
EndProject
Project("{FAE04EC0-301F-11D3-BF4B-00C04F79EFBC}") = "Vd đầu tiên", "Vd đầu tiên\Vd đầu tiên.csproj", "{AE5E2EA2-B2D5-462A-A13C-5E9E400183B9}"
EndProject
Project("{FAE04EC0-301F-11D3-BF4B-00C04F79EFBC}") = "Sửa đồi đơn vị ngay sau khi khởi động", "Sửa đồi đơn vị ngay sau khi khởi động\Sửa đồi đơn vị ngay sau khi khởi động.csproj", "{207E08B6-2C2B-4F9B-9C77-317A98E56F35}"
EndProject
Project("{2150E333-8FDC-42A3-9474-1A3956D46DE8}") = "Bài 8 TextBlock", "Bài 8 TextBlock", "{474AAFE3-1217-49BA-B6AA-5E78E15FBB8D}"
EndProject
Project("{2150E333-8FDC-42A3-9474-1A3956D46DE8}") = "Bài 1", "Bài 1", "{28A9D572-71A5-4F3A-BC97-C34460D7234D}"
EndProject
Project("{2150E333-8FDC-42A3-9474-1A3956D46DE8}") = "Bài 2", "Bài 2", "{348C95FD-BD94-4C66-A387-9902021D19E2}"
EndProject
Project("{2150E333-8FDC-42A3-9474-1A3956D46DE8}") = "Bài 3", "Bài 3", "{AF7F6607-35CF-4240-9AD6-2FFAB1C82437}"
EndProject
Project("{2150E333-8FDC-42A3-9474-1A3956D46DE8}") = "Bài 4", "Bài 4", "{7AA01205-7B5A-4062-A45A-FA6ADFA530C0}"
EndProject
Project("{2150E333-8FDC-42A3-9474-1A3956D46DE8}") = "Bài 5", "Bài 5", "{70140F66-3948-40BE-B1F8-204622344FC7}"
EndProject
Project("{FAE04EC0-301F-11D3-BF4B-00C04F79EFBC}") = "1. Đơn giản nhất về TextBox", "Đơn giản nhất về TextBox\1. Đơn giản nhất về TextBox.csproj", "{19769919-6AF8-4326-A2A2-C2E8756BB6A9}"
EndProject
Project("{FAE04EC0-301F-11D3-BF4B-00C04F79EFBC}") = "2. Xử lí với chuỗi dài + Tô màu chữ", "Xử lí với chuỗi dài + Tô màu chữ\2. Xử lí với chuỗi dài + Tô màu chữ.csproj", "{D07BCDE4-7C93-49AF-B67F-1317C47F7655}"
EndProject
Project("{FAE04EC0-301F-11D3-BF4B-00C04F79EFBC}") = "3. Bold, Italic và Underline", "3. Bold, Italic và Underline\3. Bold, Italic và Underline.csproj", "{5E547EA9-8D11-47D1-995B-1DA16A304992}"
EndProject
Project("{FAE04EC0-301F-11D3-BF4B-00C04F79EFBC}") = "4. Hyperlink", "4. Hyperlink\4. Hyperlink.csproj", "{6EBCC2C6-2B2A-43E4-B702-467E34A77AB8}"
EndProject
Global
	GlobalSection(SolutionConfigurationPlatforms) = preSolution
		Debug|Any CPU = Debug|Any CPU
		Release|Any CPU = Release|Any CPU
	EndGlobalSection
	GlobalSection(ProjectConfigurationPlatforms) = postSolution
		{9FBFE910-6FF6-4795-A3FD-69908BAEA0D2}.Debug|Any CPU.ActiveCfg = Debug|Any CPU
		{9FBFE910-6FF6-4795-A3FD-69908BAEA0D2}.Debug|Any CPU.Build.0 = Debug|Any CPU
		{9FBFE910-6FF6-4795-A3FD-69908BAEA0D2}.Release|Any CPU.ActiveCfg = Release|Any CPU
		{9FBFE910-6FF6-4795-A3FD-69908BAEA0D2}.Release|Any CPU.Build.0 = Release|Any CPU
		{97926FAF-402B-4070-92CC-B71A3E2682FC}.Debug|Any CPU.ActiveCfg = Debug|Any CPU
		{97926FAF-402B-4070-92CC-B71A3E2682FC}.Debug|Any CPU.Build.0 = Debug|Any CPU
		{97926FAF-402B-4070-92CC-B71A3E2682FC}.Release|Any CPU.ActiveCfg = Release|Any CPU
		{97926FAF-402B-4070-92CC-B71A3E2682FC}.Release|Any CPU.Build.0 = Release|Any CPU
		{F88BC6E4-CA2F-44CF-B332-D5510929C7C6}.Debug|Any CPU.ActiveCfg = Debug|Any CPU
		{F88BC6E4-CA2F-44CF-B332-D5510929C7C6}.Debug|Any CPU.Build.0 = Debug|Any CPU
		{F88BC6E4-CA2F-44CF-B332-D5510929C7C6}.Release|Any CPU.ActiveCfg = Release|Any CPU
		{F88BC6E4-CA2F-44CF-B332-D5510929C7C6}.Release|Any CPU.Build.0 = Release|Any CPU
		{3B49DFD4-6C46-4D6D-A086-38698658C0FA}.Debug|Any CPU.ActiveCfg = Debug|Any CPU
		{3B49DFD4-6C46-4D6D-A086-38698658C0FA}.Debug|Any CPU.Build.0 = Debug|Any CPU
		{3B49DFD4-6C46-4D6D-A086-38698658C0FA}.Release|Any CPU.ActiveCfg = Release|Any CPU
		{3B49DFD4-6C46-4D6D-A086-38698658C0FA}.Release|Any CPU.Build.0 = Release|Any CPU
		{9BCB0EF6-2176-47F8-9E55-FEB2752E28CC}.Debug|Any CPU.ActiveCfg = Debug|Any CPU
		{9BCB0EF6-2176-47F8-9E55-FEB2752E28CC}.Debug|Any CPU.Build.0 = Debug|Any CPU
		{9BCB0EF6-2176-47F8-9E55-FEB2752E28CC}.Release|Any CPU.ActiveCfg = Release|Any CPU
		{9BCB0EF6-2176-47F8-9E55-FEB2752E28CC}.Release|Any CPU.Build.0 = Release|Any CPU
		{EBFD4E3B-3541-44A0-A9FC-BA8A2E3AD7AE}.Debug|Any CPU.ActiveCfg = Debug|Any CPU
		{EBFD4E3B-3541-44A0-A9FC-BA8A2E3AD7AE}.Debug|Any CPU.Build.0 = Debug|Any CPU
		{EBFD4E3B-3541-44A0-A9FC-BA8A2E3AD7AE}.Release|Any CPU.ActiveCfg = Release|Any CPU
		{EBFD4E3B-3541-44A0-A9FC-BA8A2E3AD7AE}.Release|Any CPU.Build.0 = Release|Any CPU
		{0323BFD6-5968-47D7-AE11-A27E4B4D4734}.Debug|Any CPU.ActiveCfg = Debug|Any CPU
		{0323BFD6-5968-47D7-AE11-A27E4B4D4734}.Debug|Any CPU.Build.0 = Debug|Any CPU
		{0323BFD6-5968-47D7-AE11-A27E4B4D4734}.Release|Any CPU.ActiveCfg = Release|Any CPU
		{0323BFD6-5968-47D7-AE11-A27E4B4D4734}.Release|Any CPU.Build.0 = Release|Any CPU
		{36BA5288-E6A3-46FD-8082-DE19D41561FC}.Debug|Any CPU.ActiveCfg = Debug|Any CPU
		{36BA5288-E6A3-46FD-8082-DE19D41561FC}.Debug|Any CPU.Build.0 = Debug|Any CPU
		{36BA5288-E6A3-46FD-8082-DE19D41561FC}.Release|Any CPU.ActiveCfg = Release|Any CPU
		{36BA5288-E6A3-46FD-8082-DE19D41561FC}.Release|Any CPU.Build.0 = Release|Any CPU
		{F79B1766-16BD-4889-9C94-323E22E56166}.Debug|Any CPU.ActiveCfg = Debug|Any CPU
		{F79B1766-16BD-4889-9C94-323E22E56166}.Debug|Any CPU.Build.0 = Debug|Any CPU
		{F79B1766-16BD-4889-9C94-323E22E56166}.Release|Any CPU.ActiveCfg = Release|Any CPU
		{F79B1766-16BD-4889-9C94-323E22E56166}.Release|Any CPU.Build.0 = Release|Any CPU
		{AECD3519-A71B-462F-9C8B-0D4C2835A495}.Debug|Any CPU.ActiveCfg = Debug|Any CPU
		{AECD3519-A71B-462F-9C8B-0D4C2835A495}.Debug|Any CPU.Build.0 = Debug|Any CPU
		{AECD3519-A71B-462F-9C8B-0D4C2835A495}.Release|Any CPU.ActiveCfg = Release|Any CPU
		{AECD3519-A71B-462F-9C8B-0D4C2835A495}.Release|Any CPU.Build.0 = Release|Any CPU
		{AE5E2EA2-B2D5-462A-A13C-5E9E400183B9}.Debug|Any CPU.ActiveCfg = Debug|Any CPU
		{AE5E2EA2-B2D5-462A-A13C-5E9E400183B9}.Debug|Any CPU.Build.0 = Debug|Any CPU
		{AE5E2EA2-B2D5-462A-A13C-5E9E400183B9}.Release|Any CPU.ActiveCfg = Release|Any CPU
		{AE5E2EA2-B2D5-462A-A13C-5E9E400183B9}.Release|Any CPU.Build.0 = Release|Any CPU
		{207E08B6-2C2B-4F9B-9C77-317A98E56F35}.Debug|Any CPU.ActiveCfg = Debug|Any CPU
		{207E08B6-2C2B-4F9B-9C77-317A98E56F35}.Debug|Any CPU.Build.0 = Debug|Any CPU
		{207E08B6-2C2B-4F9B-9C77-317A98E56F35}.Release|Any CPU.ActiveCfg = Release|Any CPU
		{207E08B6-2C2B-4F9B-9C77-317A98E56F35}.Release|Any CPU.Build.0 = Release|Any CPU
		{19769919-6AF8-4326-A2A2-C2E8756BB6A9}.Debug|Any CPU.ActiveCfg = Debug|Any CPU
		{19769919-6AF8-4326-A2A2-C2E8756BB6A9}.Debug|Any CPU.Build.0 = Debug|Any CPU
		{19769919-6AF8-4326-A2A2-C2E8756BB6A9}.Release|Any CPU.ActiveCfg = Release|Any CPU
		{19769919-6AF8-4326-A2A2-C2E8756BB6A9}.Release|Any CPU.Build.0 = Release|Any CPU
		{D07BCDE4-7C93-49AF-B67F-1317C47F7655}.Debug|Any CPU.ActiveCfg = Debug|Any CPU
		{D07BCDE4-7C93-49AF-B67F-1317C47F7655}.Debug|Any CPU.Build.0 = Debug|Any CPU
		{D07BCDE4-7C93-49AF-B67F-1317C47F7655}.Release|Any CPU.ActiveCfg = Release|Any CPU
		{D07BCDE4-7C93-49AF-B67F-1317C47F7655}.Release|Any CPU.Build.0 = Release|Any CPU
		{5E547EA9-8D11-47D1-995B-1DA16A304992}.Debug|Any CPU.ActiveCfg = Debug|Any CPU
		{5E547EA9-8D11-47D1-995B-1DA16A304992}.Debug|Any CPU.Build.0 = Debug|Any CPU
		{5E547EA9-8D11-47D1-995B-1DA16A304992}.Release|Any CPU.ActiveCfg = Release|Any CPU
		{5E547EA9-8D11-47D1-995B-1DA16A304992}.Release|Any CPU.Build.0 = Release|Any CPU
		{6EBCC2C6-2B2A-43E4-B702-467E34A77AB8}.Debug|Any CPU.ActiveCfg = Debug|Any CPU
		{6EBCC2C6-2B2A-43E4-B702-467E34A77AB8}.Debug|Any CPU.Build.0 = Debug|Any CPU
		{6EBCC2C6-2B2A-43E4-B702-467E34A77AB8}.Release|Any CPU.ActiveCfg = Release|Any CPU
		{6EBCC2C6-2B2A-43E4-B702-467E34A77AB8}.Release|Any CPU.Build.0 = Release|Any CPU
	EndGlobalSection
	GlobalSection(SolutionProperties) = preSolution
		HideSolutionNode = FALSE
	EndGlobalSection
	GlobalSection(NestedProjects) = preSolution
		{9FBFE910-6FF6-4795-A3FD-69908BAEA0D2} = {28A9D572-71A5-4F3A-BC97-C34460D7234D}
		{97926FAF-402B-4070-92CC-B71A3E2682FC} = {348C95FD-BD94-4C66-A387-9902021D19E2}
		{F88BC6E4-CA2F-44CF-B332-D5510929C7C6} = {AF7F6607-35CF-4240-9AD6-2FFAB1C82437}
		{3B49DFD4-6C46-4D6D-A086-38698658C0FA} = {7AA01205-7B5A-4062-A45A-FA6ADFA530C0}
		{9BCB0EF6-2176-47F8-9E55-FEB2752E28CC} = {4AF8E3A7-99ED-4203-8CA1-F0B51EBF02E4}
		{EBFD4E3B-3541-44A0-A9FC-BA8A2E3AD7AE} = {4AF8E3A7-99ED-4203-8CA1-F0B51EBF02E4}
		{0323BFD6-5968-47D7-AE11-A27E4B4D4734} = {4AF8E3A7-99ED-4203-8CA1-F0B51EBF02E4}
		{36BA5288-E6A3-46FD-8082-DE19D41561FC} = {4AF8E3A7-99ED-4203-8CA1-F0B51EBF02E4}
		{F79B1766-16BD-4889-9C94-323E22E56166} = {70140F66-3948-40BE-B1F8-204622344FC7}
		{AECD3519-A71B-462F-9C8B-0D4C2835A495} = {829C23C6-E9E7-427B-BE75-17F81E7757E9}
		{AE5E2EA2-B2D5-462A-A13C-5E9E400183B9} = {829C23C6-E9E7-427B-BE75-17F81E7757E9}
		{207E08B6-2C2B-4F9B-9C77-317A98E56F35} = {829C23C6-E9E7-427B-BE75-17F81E7757E9}
		{19769919-6AF8-4326-A2A2-C2E8756BB6A9} = {474AAFE3-1217-49BA-B6AA-5E78E15FBB8D}
		{D07BCDE4-7C93-49AF-B67F-1317C47F7655} = {474AAFE3-1217-49BA-B6AA-5E78E15FBB8D}
		{5E547EA9-8D11-47D1-995B-1DA16A304992} = {474AAFE3-1217-49BA-B6AA-5E78E15FBB8D}
		{6EBCC2C6-2B2A-43E4-B702-467E34A77AB8} = {474AAFE3-1217-49BA-B6AA-5E78E15FBB8D}
	EndGlobalSection
EndGlobal
